{
  "name": "supabase-declarative-schema-tests",
  "version": "1.0.0",
  "lockfileVersion": 3,
  "requires": true,
  "packages": {
    "": {
      "name": "supabase-declarative-schema-tests",
      "version": "1.0.0",
      "devDependencies": {
        "supabase": "https://pkg.pr.new/supabase/cli/supabase@f9bd2890b73b6084ac64753accabd34d97454eb3"
      },
      "engines": {
        "node": ">=22.6.0"
      }
    },
    "node_modules/@ecies/ciphers": {
      "version": "0.2.6",
      "resolved": "https://registry.npmjs.org/@ecies/ciphers/-/ciphers-0.2.6.tgz",
      "integrity": "sha512-patgsRPKGkhhoBjETV4XxD0En4ui5fbX0hzayqI3M8tvNMGUoUvmyYAIWwlxBc1KX5cturfqByYdj5bYGRpN9g==",
      "dev": true,
      "license": "MIT",
      "engines": {
        "bun": ">=1",
        "deno": ">=2.7.10",
        "node": ">=16"
      },
      "peerDependencies": {
        "@noble/ciphers": "^1.0.0"
      }
    },
    "node_modules/@noble/ciphers": {
      "version": "1.3.0",
      "resolved": "https://registry.npmjs.org/@noble/ciphers/-/ciphers-1.3.0.tgz",
      "integrity": "sha512-2I0gnIVPtfnMw9ee9h1dJG7tp81+8Ob3OJb3Mv37rx5L40/b0i7djjCVvGOVqc9AEIQyvyu1i6ypKdFw8R8gQw==",
      "dev": true,
      "license": "MIT",
      "engines": {
        "node": "^14.21.3 || >=16"
      },
      "funding": {
        "url": "https://paulmillr.com/funding/"
      }
    },
    "node_modules/@noble/curves": {
      "version": "1.9.7",
      "resolved": "https://registry.npmjs.org/@noble/curves/-/curves-1.9.7.tgz",
      "integrity": "sha512-gbKGcRUYIjA3/zCCNaWDciTMFI0dCkvou3TL8Zmy5Nc7sJ47a0jtOeZoTaMxkuqRo9cRhjOdZJXegxYE5FN/xw==",
      "dev": true,
      "license": "MIT",
      "dependencies": {
        "@noble/hashes": "1.8.0"
      },
      "engines": {
        "node": "^14.21.3 || >=16"
      },
      "funding": {
        "url": "https://paulmillr.com/funding/"
      }
    },
    "node_modules/@noble/hashes": {
      "version": "1.8.0",
      "resolved": "https://registry.npmjs.org/@noble/hashes/-/hashes-1.8.0.tgz",
      "integrity": "sha512-jCs9ldd7NwzpgXDIf6P3+NrHh9/sD6CQdxHyjQI+h/6rDNo88ypBxxz45UDuZHz9r3tNz7N/VInSVoVdtXEI4A==",
      "dev": true,
      "license": "MIT",
      "engines": {
        "node": "^14.21.3 || >=16"
      },
      "funding": {
        "url": "https://paulmillr.com/funding/"
      }
    },
    "node_modules/@supabase/cli-darwin-arm64": {
      "version": "0.0.0-pr.6102",
      "resolved": "https://pkg.pr.new/supabase/cli/@supabase/cli-darwin-arm64@f9bd2890b73b6084ac64753accabd34d97454eb3",
      "integrity": "sha512-X3i+CizjMkf58hzpEfx2Gwc0b0+pxlpxcOYYWAyyMVu5H9T52KQQgB0Pi93zqQtCZlNvmP4vH+vWiVz3dd3Z/A==",
      "cpu": [
        "arm64"
      ],
      "dev": true,
      "license": "MIT",
      "optional": true,
      "os": [
        "darwin"
      ]
    },
    "node_modules/@supabase/cli-darwin-x64": {
      "version": "0.0.0-pr.6102",
      "resolved": "https://pkg.pr.new/supabase/cli/@supabase/cli-darwin-x64@f9bd2890b73b6084ac64753accabd34d97454eb3",
      "integrity": "sha512-F+lCMEQHfWWTx6Nj3ZAbvYOo9H296rEx4kXfyQIoeV0DMVmtMuZZE2srgBePIY5s1dOXv4SYXv8Vvadst0OROw==",
      "cpu": [
        "x64"
      ],
      "dev": true,
      "license": "MIT",
      "optional": true,
      "os": [
        "darwin"
      ]
    },
    "node_modules/@supabase/cli-linux-arm64": {
      "version": "0.0.0-pr.6102",
      "resolved": "https://pkg.pr.new/supabase/cli/@supabase/cli-linux-arm64@f9bd2890b73b6084ac64753accabd34d97454eb3",
      "integrity": "sha512-+3QTrYgNvNtUGLZX/G6eyMU4KNUhUydAP0fRJXeQz5tcXrSGYcCpOKUNqlv3fsh1ZPxQzhnv4woDxqJ6UowDBw==",
      "cpu": [
        "arm64"
      ],
      "dev": true,
      "libc": [
        "glibc"
      ],
      "license": "MIT",
      "optional": true,
      "os": [
        "linux"
      ]
    },
    "node_modules/@supabase/cli-linux-arm64-musl": {
      "version": "0.0.0-pr.6102",
      "resolved": "https://pkg.pr.new/supabase/cli/@supabase/cli-linux-arm64-musl@f9bd2890b73b6084ac64753accabd34d97454eb3",
      "integrity": "sha512-l4c6uH44lPk7E7Go7qbcB7Htm2jxzMYq3pXFqpfs76vXryc6ErUlMQAOTq77vkM9BJOP3A1Lo3UAdjQpeqUq/A==",
      "cpu": [
        "arm64"
      ],
      "dev": true,
      "libc": [
        "musl"
      ],
      "license": "MIT",
      "optional": true,
      "os": [
        "linux"
      ]
    },
    "node_modules/@supabase/cli-linux-x64": {
      "version": "0.0.0-pr.6102",
      "resolved": "https://pkg.pr.new/supabase/cli/@supabase/cli-linux-x64@f9bd2890b73b6084ac64753accabd34d97454eb3",
      "integrity": "sha512-cYBjKpHm2ZVA0tGzr5aNxYZgOHHUGgNHVYt+i4diEZeiSdHXWKr1Yz++yyOCh11Bldxnjz9izk71v9Ogp8euxQ==",
      "cpu": [
        "x64"
      ],
      "dev": true,
      "libc": [
        "glibc"
      ],
      "license": "MIT",
      "optional": true,
      "os": [
        "linux"
      ]
    },
    "node_modules/@supabase/cli-linux-x64-musl": {
      "version": "0.0.0-pr.6102",
      "resolved": "https://pkg.pr.new/supabase/cli/@supabase/cli-linux-x64-musl@f9bd2890b73b6084ac64753accabd34d97454eb3",
      "integrity": "sha512-1uVSVZ+fP0D96GIrP43MvkTY6TkiFxsDn3HnL46ikfnOccTnLNYudK94Jh5SjyiNUrDE91x6s+x8UU73M+d0Xg==",
      "cpu": [
        "x64"
      ],
      "dev": true,
      "libc": [
        "musl"
      ],
      "license": "MIT",
      "optional": true,
      "os": [
        "linux"
      ]
    },
    "node_modules/@supabase/cli-windows-arm64": {
      "version": "0.0.0-pr.6102",
      "resolved": "https://pkg.pr.new/supabase/cli/@supabase/cli-windows-arm64@f9bd2890b73b6084ac64753accabd34d97454eb3",
      "integrity": "sha512-9heiZn1cLlkip97KD/TboL86pE1OaciMsuWHIddCGZNax2Dz2SLX9gj6voar3e/BshQviHri+GB7bk0q1+h3AQ==",
      "cpu": [
        "arm64"
      ],
      "dev": true,
      "license": "MIT",
      "optional": true,
      "os": [
        "win32"
      ]
    },
    "node_modules/@supabase/cli-windows-x64": {
      "version": "0.0.0-pr.6102",
      "resolved": "https://pkg.pr.new/supabase/cli/@supabase/cli-windows-x64@f9bd2890b73b6084ac64753accabd34d97454eb3",
      "integrity": "sha512-JQVHjk1sHaPzlPMx+l11oRZfRjTscFT3HAmLsDxG24JkanumUm2tqrI7NlXVk+XcezHE2D8yjJS8d2/A0AEGEg==",
      "cpu": [
        "x64"
      ],
      "dev": true,
      "license": "MIT",
      "optional": true,
      "os": [
        "win32"
      ]
    },
    "node_modules/eciesjs": {
      "version": "0.5.0",
      "resolved": "https://registry.npmjs.org/eciesjs/-/eciesjs-0.5.0.tgz",
      "integrity": "sha512-s0J9SEVYAEPg7J63GFMApLYzPH9VNIQIyC6s15JpnqVc0TqcKWdbgFlnAweEBRyMmko2dcs2sfC83Hj4J43tuA==",
      "dev": true,
      "license": "MIT",
      "dependencies": {
        "@ecies/ciphers": "^0.2.6",
        "@noble/ciphers": "^1.3.0",
        "@noble/curves": "^1.9.7",
        "@noble/hashes": "^1.8.0"
      },
      "engines": {
        "bun": ">=1",
        "deno": ">=2.7.10",
        "node": ">=16"
      }
    },
    "node_modules/jose": {
      "version": "6.2.8",
      "resolved": "https://registry.npmjs.org/jose/-/jose-6.2.8.tgz",
      "integrity": "sha512-Bsdjwm3Qsd/P0jR+BHDe3LytDfY7WBq2HmCCLIwuVRHMuEC9ae7/R474GIUdF1NgCyZjzVo/A9DOiOBtXq8ZoQ==",
      "dev": true,
      "license": "MIT",
      "funding": {
        "url": "https://github.com/sponsors/panva"
      }
    },
    "node_modules/supabase": {
      "version": "0.0.0-pr.6102",
      "resolved": "https://pkg.pr.new/supabase/cli/supabase@f9bd2890b73b6084ac64753accabd34d97454eb3",
      "integrity": "sha512-FQPGSDenK0Z5BLdmaxaT7kaCVx3JiC68/KxDG4XcuWu/P5O/g/3Uy2a1VyXbsS3dUHKoemqCsKkMs70a3gmIBQ==",
      "dev": true,
      "license": "MIT",
      "dependencies": {
        "eciesjs": "^0.5.0",
        "jose": "^6.2.4"
      },
      "bin": {
        "supabase": "dist/supabase.js"
      },
      "optionalDependencies": {
        "@supabase/cli-darwin-arm64": "https://pkg.pr.new/supabase/cli/@supabase/cli-darwin-arm64@f9bd2890b73b6084ac64753accabd34d97454eb3",
        "@supabase/cli-darwin-x64": "https://pkg.pr.new/supabase/cli/@supabase/cli-darwin-x64@f9bd2890b73b6084ac64753accabd34d97454eb3",
        "@supabase/cli-linux-arm64": "https://pkg.pr.new/supabase/cli/@supabase/cli-linux-arm64@f9bd2890b73b6084ac64753accabd34d97454eb3",
        "@supabase/cli-linux-arm64-musl": "https://pkg.pr.new/supabase/cli/@supabase/cli-linux-arm64-musl@f9bd2890b73b6084ac64753accabd34d97454eb3",
        "@supabase/cli-linux-x64": "https://pkg.pr.new/supabase/cli/@supabase/cli-linux-x64@f9bd2890b73b6084ac64753accabd34d97454eb3",
        "@supabase/cli-linux-x64-musl": "https://pkg.pr.new/supabase/cli/@supabase/cli-linux-x64-musl@f9bd2890b73b6084ac64753accabd34d97454eb3",
        "@supabase/cli-windows-arm64": "https://pkg.pr.new/supabase/cli/@supabase/cli-windows-arm64@f9bd2890b73b6084ac64753accabd34d97454eb3",
        "@supabase/cli-windows-x64": "https://pkg.pr.new/supabase/cli/@supabase/cli-windows-x64@f9bd2890b73b6084ac64753accabd34d97454eb3"
      }
    }
  }
}
